// !$*UTF8*$!
{
	archiveVersion = 1;
	classes = {
	};
	objectVersion = 55;
	objects = {

/* Begin PBXBuildFile section */
		4017BBE615B63B52D07E2433 /* Pods_Todo_List_Storyboard_Version.framework in Frameworks */ = {isa = PBXBuildFile; fileRef = 21450816AF8FA02D231B8033 /* Pods_Todo_List_Storyboard_Version.framework */; };
		DC8BEF1628BF2F510087EC0A /* DatabaseManager.swift in Sources */ = {isa = PBXBuildFile; fileRef = DC8BEF1528BF2F510087EC0A /* DatabaseManager.swift */; };
		DC8BEF1828BF38E90087EC0A /* GoogleService-Info.plist in Resources */ = {isa = PBXBuildFile; fileRef = DC8BEF1728BF38E90087EC0A /* GoogleService-Info.plist */; };
		DC8BEF1A28BF39FC0087EC0A /* Task.swift in Sources */ = {isa = PBXBuildFile; fileRef = DC8BEF1928BF39FC0087EC0A /* Task.swift */; };
		DC8BEF1D28BF3DE20087EC0A /* TasksVCDelegate.swift in Sources */ = {isa = PBXBuildFile; fileRef = DC8BEF1C28BF3DE20087EC0A /* TasksVCDelegate.swift */; };
		DC8BEF2028BF42560087EC0A /* OngoingTasksTableViewCell.swift in Sources */ = {isa = PBXBuildFile; fileRef = DC8BEF1F28BF42560087EC0A /* OngoingTasksTableViewCell.swift */; };
		DC8BEF2228C101020087EC0A /* DoneTasksTableViewCell.swift in Sources */ = {isa = PBXBuildFile; fileRef = DC8BEF2128C101020087EC0A /* DoneTasksTableViewCell.swift */; };
		DC94FDD228BB64810053EEFC /* AppDelegate.swift in Sources */ = {isa = PBXBuildFile; fileRef = DC94FDD128BB64810053EEFC /* AppDelegate.swift */; };
		DC94FDD428BB64810053EEFC /* SceneDelegate.swift in Sources */ = {isa = PBXBuildFile; fileRef = DC94FDD328BB64810053EEFC /* SceneDelegate.swift */; };
		DC94FDD628BB64810053EEFC /* TaskViewController.swift in Sources */ = {isa = PBXBuildFile; fileRef = DC94FDD528BB64810053EEFC /* TaskViewController.swift */; };
		DC94FDD928BB64810053EEFC /* Main.storyboard in Resources */ = {isa = PBXBuildFile; fileRef = DC94FDD728BB64810053EEFC /* Main.storyboard */; };
		DC94FDDB28BB64830053EEFC /* Assets.xcassets in Resources */ = {isa = PBXBuildFile; fileRef = DC94FDDA28BB64830053EEFC /* Assets.xcassets */; };
		DC94FDDE28BB64830053EEFC /* LaunchScreen.storyboard in Resources */ = {isa = PBXBuildFile; fileRef = DC94FDDC28BB64830053EEFC /* LaunchScreen.storyboard */; };
		DC94FDE728BB772A0053EEFC /* MenuSection.swift in Sources */ = {isa = PBXBuildFile; fileRef = DC94FDE628BB772A0053EEFC /* MenuSection.swift */; };
		DC94FDEE28BC95E70053EEFC /* OngoingTasksTableViewController.swift in Sources */ = {isa = PBXBuildFile; fileRef = DC94FDED28BC95E70053EEFC /* OngoingTasksTableViewController.swift */; };
		DC94FDF028BC96190053EEFC /* DoneTasksTableViewController.swift in Sources */ = {isa = PBXBuildFile; fileRef = DC94FDEF28BC96190053EEFC /* DoneTasksTableViewController.swift */; };
		DC94FDF228BCA6350053EEFC /* NewTaskViewController.swift in Sources */ = {isa = PBXBuildFile; fileRef = DC94FDF128BCA6350053EEFC /* NewTaskViewController.swift */; };
/* End PBXBuildFile section */

/* Begin PBXFileReference section */
		21450816AF8FA02D231B8033 /* Pods_Todo_List_Storyboard_Version.framework */ = {isa = PBXFileReference; explicitFileType = wrapper.framework; includeInIndex = 0; path = Pods_Todo_List_Storyboard_Version.framework; sourceTree = BUILT_PRODUCTS_DIR; };
		4D1FC36746F05AD55B2014A8 /* Pods-Todo List Storyboard Version.release.xcconfig */ = {isa = PBXFileReference; includeInIndex = 1; lastKnownFileType = text.xcconfig; name = "Pods-Todo List Storyboard Version.release.xcconfig"; path = "Target Support Files/Pods-Todo List Storyboard Version/Pods-Todo List Storyboard Version.release.xcconfig"; sourceTree = "<group>"; };
		73814257E910363C3BCDDA0B /* Pods-Todo List Storyboard Version.debug.xcconfig */ = {isa = PBXFileReference; includeInIndex = 1; lastKnownFileType = text.xcconfig; name = "Pods-Todo List Storyboard Version.debug.xcconfig"; path = "Target Support Files/Pods-Todo List Storyboard Version/Pods-Todo List Storyboard Version.debug.xcconfig"; sourceTree = "<group>"; };
		DC8BEF1528BF2F510087EC0A /* DatabaseManager.swift */ = {isa = PBXFileReference; lastKnownFileType = sourcecode.swift; path = DatabaseManager.swift; sourceTree = "<group>"; };
		DC8BEF1728BF38E90087EC0A /* GoogleService-Info.plist */ = {isa = PBXFileReference; fileEncoding = 4; lastKnownFileType = text.plist.xml; path = "GoogleService-Info.plist"; sourceTree = "<group>"; };
		DC8BEF1928BF39FC0087EC0A /* Task.swift */ = {isa = PBXFileReference; lastKnownFileType = sourcecode.swift; path = Task.swift; sourceTree = "<group>"; };
		DC8BEF1C28BF3DE20087EC0A /* TasksVCDelegate.swift */ = {isa = PBXFileReference; lastKnownFileType = sourcecode.swift; path = TasksVCDelegate.swift; sourceTree = "<group>"; };
		DC8BEF1F28BF42560087EC0A /* OngoingTasksTableViewCell.swift */ = {isa = PBXFileReference; lastKnownFileType = sourcecode.swift; path = OngoingTasksTableViewCell.swift; sourceTree = "<group>"; };
		DC8BEF2128C101020087EC0A /* DoneTasksTableViewCell.swift */ = {isa = PBXFileReference; lastKnownFileType = sourcecode.swift; path = DoneTasksTableViewCell.swift; sourceTree = "<group>"; };
		DC94FDCE28BB64810053EEFC /* Todo List Storyboard Version.app */ = {isa = PBXFileReference; explicitFileType = wrapper.application; includeInIndex = 0; path = "Todo List Storyboard Version.app"; sourceTree = BUILT_PRODUCTS_DIR; };
		DC94FDD128BB64810053EEFC /* AppDelegate.swift */ = {isa = PBXFileReference; lastKnownFileType = sourcecode.swift; path = AppDelegate.swift; sourceTree = "<group>"; };
		DC94FDD328BB64810053EEFC /* SceneDelegate.swift */ = {isa = PBXFileReference; lastKnownFileType = sourcecode.swift; path = SceneDelegate.swift; sourceTree = "<group>"; };
		DC94FDD528BB64810053EEFC /* TaskViewController.swift */ = {isa = PBXFileReference; lastKnownFileType = sourcecode.swift; path = TaskViewController.swift; sourceTree = "<group>"; };
		DC94FDD828BB64810053EEFC /* Base */ = {isa = PBXFileReference; lastKnownFileType = file.storyboard; name = Base; path = Base.lproj/Main.storyboard; sourceTree = "<group>"; };
		DC94FDDA28BB64830053EEFC /* Assets.xcassets */ = {isa = PBXFileReference; lastKnownFileType = folder.assetcatalog; path = Assets.xcassets; sourceTree = "<group>"; };
		DC94FDDD28BB64830053EEFC /* Base */ = {isa = PBXFileReference; lastKnownFileType = file.storyboard; name = Base; path = Base.lproj/LaunchScreen.storyboard; sourceTree = "<group>"; };
		DC94FDDF28BB64830053EEFC /* Info.plist */ = {isa = PBXFileReference; lastKnownFileType = text.plist.xml; path = Info.plist; sourceTree = "<group>"; };
		DC94FDE628BB772A0053EEFC /* MenuSection.swift */ = {isa = PBXFileReference; lastKnownFileType = sourcecode.swift; path = MenuSection.swift; sourceTree = "<group>"; };
		DC94FDED28BC95E70053EEFC /* OngoingTasksTableViewController.swift */ = {isa = PBXFileReference; lastKnownFileType = sourcecode.swift; path = OngoingTasksTableViewController.swift; sourceTree = "<group>"; };
		DC94FDEF28BC96190053EEFC /* DoneTasksTableViewController.swift */ = {isa = PBXFileReference; lastKnownFileType = sourcecode.swift; path = DoneTasksTableViewController.swift; sourceTree = "<group>"; };
		DC94FDF128BCA6350053EEFC /* NewTaskViewController.swift */ = {isa = PBXFileReference; lastKnownFileType = sourcecode.swift; path = NewTaskViewController.swift; sourceTree = "<group>"; };
/* End PBXFileReference section */

/* Begin PBXFrameworksBuildPhase section */
		DC94FDCB28BB64810053EEFC /* Frameworks */ = {
			isa = PBXFrameworksBuildPhase;
			buildActionMask = 2147483647;
			files = (
				4017BBE615B63B52D07E2433 /* Pods_Todo_List_Storyboard_Version.framework in Frameworks */,
			);
			runOnlyForDeploymentPostprocessing = 0;
		};
/* End PBXFrameworksBuildPhase section */

/* Begin PBXGroup section */
		01A3862C141906A9D6251E33 /* Pods */ = {
			isa = PBXGroup;
			children = (
				73814257E910363C3BCDDA0B /* Pods-Todo List Storyboard Version.debug.xcconfig */,
				4D1FC36746F05AD55B2014A8 /* Pods-Todo List Storyboard Version.release.xcconfig */,
			);
			path = Pods;
			sourceTree = "<group>";
		};
		A4442ABCAE5655C12F9AAD98 /* Frameworks */ = {
			isa = PBXGroup;
			children = (
				21450816AF8FA02D231B8033 /* Pods_Todo_List_Storyboard_Version.framework */,
			);
			name = Frameworks;
			sourceTree = "<group>";
		};
		DC8BEF1428BF2F3E0087EC0A /* Service */ = {
			isa = PBXGroup;
			children = (
				DC8BEF1528BF2F510087EC0A /* DatabaseManager.swift */,
			);
			path = Service;
			sourceTree = "<group>";
		};
		DC8BEF1B28BF3DCB0087EC0A /* Protocol */ = {
			isa = PBXGroup;
			children = (
				DC8BEF1C28BF3DE20087EC0A /* TasksVCDelegate.swift */,
			);
			path = Protocol;
			sourceTree = "<group>";
		};
		DC8BEF1E28BF423D0087EC0A /* View */ = {
			isa = PBXGroup;
			children = (
				DC8BEF1F28BF42560087EC0A /* OngoingTasksTableViewCell.swift */,
				DC8BEF2128C101020087EC0A /* DoneTasksTableViewCell.swift */,
			);
			path = View;
			sourceTree = "<group>";
		};
		DC94FDC528BB64810053EEFC = {
			isa = PBXGroup;
			children = (
				DC94FDD028BB64810053EEFC /* Todo List Storyboard Version */,
				DC94FDCF28BB64810053EEFC /* Products */,
				01A3862C141906A9D6251E33 /* Pods */,
				A4442ABCAE5655C12F9AAD98 /* Frameworks */,
			);
			sourceTree = "<group>";
		};
		DC94FDCF28BB64810053EEFC /* Products */ = {
			isa = PBXGroup;
			children = (
				DC94FDCE28BB64810053EEFC /* Todo List Storyboard Version.app */,
			);
			name = Products;
			sourceTree = "<group>";
		};
		DC94FDD028BB64810053EEFC /* Todo List Storyboard Version */ = {
			isa = PBXGroup;
			children = (
				DC8BEF1E28BF423D0087EC0A /* View */,
				DC8BEF1B28BF3DCB0087EC0A /* Protocol */,
				DC8BEF1428BF2F3E0087EC0A /* Service */,
				DC94FDE828BC95900053EEFC /* Controller */,
				DC94FDE528BB77130053EEFC /* Model */,
				DC94FDD128BB64810053EEFC /* AppDelegate.swift */,
				DC94FDD328BB64810053EEFC /* SceneDelegate.swift */,
				DC94FDD728BB64810053EEFC /* Main.storyboard */,
				DC94FDDA28BB64830053EEFC /* Assets.xcassets */,
				DC94FDDC28BB64830053EEFC /* LaunchScreen.storyboard */,
				DC94FDDF28BB64830053EEFC /* Info.plist */,
				DC8BEF1728BF38E90087EC0A /* GoogleService-Info.plist */,
			);
			path = "Todo List Storyboard Version";
			sourceTree = "<group>";
		};
		DC94FDE528BB77130053EEFC /* Model */ = {
			isa = PBXGroup;
			children = (
				DC94FDE628BB772A0053EEFC /* MenuSection.swift */,
				DC8BEF1928BF39FC0087EC0A /* Task.swift */,
			);
			path = Model;
			sourceTree = "<group>";
		};
		DC94FDE828BC95900053EEFC /* Controller */ = {
			isa = PBXGroup;
			children = (
				DC94FDD528BB64810053EEFC /* TaskViewController.swift */,
				DC94FDED28BC95E70053EEFC /* OngoingTasksTableViewController.swift */,
				DC94FDEF28BC96190053EEFC /* DoneTasksTableViewController.swift */,
				DC94FDF128BCA6350053EEFC /* NewTaskViewController.swift */,
			);
			path = Controller;
			sourceTree = "<group>";
		};
/* End PBXGroup section */

/* Begin PBXNativeTarget section */
		DC94FDCD28BB64810053EEFC /* Todo List Storyboard Version */ = {
			isa = PBXNativeTarget;
			buildConfigurationList = DC94FDE228BB64830053EEFC /* Build configuration list for PBXNativeTarget "Todo List Storyboard Version" */;
			buildPhases = (
				EFAAE6624E67141C4373FB69 /* [CP] Check Pods Manifest.lock */,
				DC94FDCA28BB64810053EEFC /* Sources */,
				DC94FDCB28BB64810053EEFC /* Frameworks */,
				DC94FDCC28BB64810053EEFC /* Resources */,
				116146953C87F908DD3469B8 /* [CP] Embed Pods Frameworks */,
			);
			buildRules = (
			);
			dependencies = (
			);
			name = "Todo List Storyboard Version";
			productName = "Todo List Storyboard Version";
			productReference = DC94FDCE28BB64810053EEFC /* Todo List Storyboard Version.app */;
			productType = "com.apple.product-type.application";
		};
/* End PBXNativeTarget section */

/* Begin PBXProject section */
		DC94FDC628BB64810053EEFC /* Project object */ = {
			isa = PBXProject;
			attributes = {
				BuildIndependentTargetsInParallel = 1;
				LastSwiftUpdateCheck = 1340;
				LastUpgradeCheck = 1340;
				TargetAttributes = {
					DC94FDCD28BB64810053EEFC = {
						CreatedOnToolsVersion = 13.4.1;
					};
				};
			};
			buildConfigurationList = DC94FDC928BB64810053EEFC /* Build configuration list for PBXProject "Todo List Storyboard Version" */;
			compatibilityVersion = "Xcode 13.0";
			developmentRegion = en;
			hasScannedForEncodings = 0;
			knownRegions = (
				en,
				Base,
			);
			mainGroup = DC94FDC528BB64810053EEFC;
			productRefGroup = DC94FDCF28BB64810053EEFC /* Products */;
			projectDirPath = "";
			projectRoot = "";
			targets = (
				DC94FDCD28BB64810053EEFC /* Todo List Storyboard Version */,
			);
		};
/* End PBXProject section */

/* Begin PBXResourcesBuildPhase section */
		DC94FDCC28BB64810053EEFC /* Resources */ = {
			isa = PBXResourcesBuildPhase;
			buildActionMask = 2147483647;
			files = (
				DC94FDDE28BB64830053EEFC /* LaunchScreen.storyboard in Resources */,
				DC8BEF1828BF38E90087EC0A /* GoogleService-Info.plist in Resources */,
				DC94FDDB28BB64830053EEFC /* Assets.xcassets in Resources */,
				DC94FDD928BB64810053EEFC /* Main.storyboard in Resources */,
			);
			runOnlyForDeploymentPostprocessing = 0;
		};
/* End PBXResourcesBuildPhase section */

/* Begin PBXShellScriptBuildPhase section */
		116146953C87F908DD3469B8 /* [CP] Embed Pods Frameworks */ = {
			isa = PBXShellScriptBuildPhase;
			buildActionMask = 2147483647;
			files = (
			);
			inputFileListPaths = (
				"${PODS_ROOT}/Target Support Files/Pods-Todo List Storyboard Version/Pods-Todo List Storyboard Version-frameworks-${CONFIGURATION}-input-files.xcfilelist",
			);
			name = "[CP] Embed Pods Frameworks";
			outputFileListPaths = (
				"${PODS_ROOT}/Target Support Files/Pods-Todo List Storyboard Version/Pods-Todo List Storyboard Version-frameworks-${CONFIGURATION}-output-files.xcfilelist",
			);
			runOnlyForDeploymentPostprocessing = 0;
			shellPath = /bin/sh;
			shellScript = "\"${PODS_ROOT}/Target Support Files/Pods-Todo List Storyboard Version/Pods-Todo List Storyboard Version-frameworks.sh\"\n";
			showEnvVarsInLog = 0;
		};
		EFAAE6624E67141C4373FB69 /* [CP] Check Pods Manifest.lock */ = {
			isa = PBXShellScriptBuildPhase;
			buildActionMask = 2147483647;
			files = (
			);
			inputFileListPaths = (
			);
			inputPaths = (
				"${PODS_PODFILE_DIR_PATH}/Podfile.lock",
				"${PODS_ROOT}/Manifest.lock",
			);
			name = "[CP] Check Pods Manifest.lock";
			outputFileListPaths = (
			);
			outputPaths = (
				"$(DERIVED_FILE_DIR)/Pods-Todo List Storyboard Version-checkManifestLockResult.txt",
			);
			runOnlyForDeploymentPostprocessing = 0;
			shellPath = /bin/sh;
			shellScript = "diff \"${PODS_PODFILE_DIR_PATH}/Podfile.lock\" \"${PODS_ROOT}/Manifest.lock\" > /dev/null\nif [ $? != 0 ] ; then\n    # print error to STDERR\n    echo \"error: The sandbox is not in sync with the Podfile.lock. Run 'pod install' or update your CocoaPods installation.\" >&2\n    exit 1\nfi\n# This output is used by Xcode 'outputs' to avoid re-running this script phase.\necho \"SUCCESS\" > \"${SCRIPT_OUTPUT_FILE_0}\"\n";
			showEnvVarsInLog = 0;
		};
/* End PBXShellScriptBuildPhase section */

/* Begin PBXSourcesBuildPhase section */
		DC94FDCA28BB64810053EEFC /* Sources */ = {
			isa = PBXSourcesBuildPhase;
			buildActionMask = 2147483647;
			files = (
				DC8BEF2028BF42560087EC0A /* OngoingTasksTableViewCell.swift in Sources */,
				DC8BEF1628BF2F510087EC0A /* DatabaseManager.swift in Sources */,
				DC94FDD628BB64810053EEFC /* TaskViewController.swift in Sources */,
				DC94FDF228BCA6350053EEFC /* NewTaskViewController.swift in Sources */,
				DC94FDD228BB64810053EEFC /* AppDelegate.swift in Sources */,
				DC8BEF1D28BF3DE20087EC0A /* TasksVCDelegate.swift in Sources */,
				DC8BEF2228C101020087EC0A /* DoneTasksTableViewCell.swift in Sources */,
				DC94FDE728BB772A0053EEFC /* MenuSection.swift in Sources */,
				DC94FDD428BB64810053EEFC /* SceneDelegate.swift in Sources */,
				DC94FDF028BC96190053EEFC /* DoneTasksTableViewController.swift in Sources */,
				DC8BEF1A28BF39FC0087EC0A /* Task.swift in Sources */,
				DC94FDEE28BC95E70053EEFC /* OngoingTasksTableViewController.swift in Sources */,
			);
			runOnlyForDeploymentPostprocessing = 0;
		};
/* End PBXSourcesBuildPhase section */

/* Begin PBXVariantGroup section */
		DC94FDD728BB64810053EEFC /* Main.storyboard */ = {
			isa = PBXVariantGroup;
			children = (
				DC94FDD828BB64810053EEFC /* Base */,
			);
			name = Main.storyboard;
			sourceTree = "<group>";
		};
		DC94FDDC28BB64830053EEFC /* LaunchScreen.storyboard */ = {
			isa = PBXVariantGroup;
			children = (
				DC94FDDD28BB64830053EEFC /* Base */,
			);
			name = LaunchScreen.storyboard;
			sourceTree = "<group>";
		};
/* End PBXVariantGroup section */

/* Begin XCBuildConfiguration section */
		DC94FDE028BB64830053EEFC /* Debug */ = {
			isa = XCBuildConfiguration;
			buildSettings = {
				ALWAYS_SEARCH_USER_PATHS = NO;
				CLANG_ANALYZER_NONNULL = YES;
				CLANG_ANALYZER_NUMBER_OBJECT_CONVERSION = YES_AGGRESSIVE;
				CLANG_CXX_LANGUAGE_STANDARD = "gnu++17";
				CLANG_ENABLE_MODULES = YES;
				CLANG_ENABLE_OBJC_ARC = YES;
				CLANG_ENABLE_OBJC_WEAK = YES;
				CLANG_WARN_BLOCK_CAPTURE_AUTORELEASING = YES;
				CLANG_WARN_BOOL_CONVERSION = YES;
				CLANG_WARN_COMMA = YES;
				CLANG_WARN_CONSTANT_CONVERSION = YES;
				CLANG_WARN_DEPRECATED_OBJC_IMPLEMENTATIONS = YES;
				CLANG_WARN_DIRECT_OBJC_ISA_USAGE = YES_ERROR;
				CLANG_WARN_DOCUMENTATION_COMMENTS = YES;
				CLANG_WARN_EMPTY_BODY = YES;
				CLANG_WARN_ENUM_CONVERSION = YES;
				CLANG_WARN_INFINITE_RECURSION = YES;
				CLANG_WARN_INT_CONVERSION = YES;
				CLANG_WARN_NON_LITERAL_NULL_CONVERSION = YES;
				CLANG_WARN_OBJC_IMPLICIT_RETAIN_SELF = YES;
				CLANG_WARN_OBJC_LITERAL_CONVERSION = YES;
				CLANG_WARN_OBJC_ROOT_CLASS = YES_ERROR;
				CLANG_WARN_QUOTED_INCLUDE_IN_FRAMEWORK_HEADER = YES;
				CLANG_WARN_RANGE_LOOP_ANALYSIS = YES;
				CLANG_WARN_STRICT_PROTOTYPES = YES;
				CLANG_WARN_SUSPICIOUS_MOVE = YES;
				CLANG_WARN_UNGUARDED_AVAILABILITY = YES_AGGRESSIVE;
				CLANG_WARN_UNREACHABLE_CODE = YES;
				CLANG_WARN__DUPLICATE_METHOD_MATCH = YES;
				COPY_PHASE_STRIP = NO;
				DEBUG_INFORMATION_FORMAT = dwarf;
				ENABLE_STRICT_OBJC_MSGSEND = YES;
				ENABLE_TESTABILITY = YES;
				GCC_C_LANGUAGE_STANDARD = gnu11;
				GCC_DYNAMIC_NO_PIC = NO;
				GCC_NO_COMMON_BLOCKS = YES;
				GCC_OPTIMIZATION_LEVEL = 0;
				GCC_PREPROCESSOR_DEFINITIONS = (
					"DEBUG=1",
					"$(inherited)",
				);
				GCC_WARN_64_TO_32_BIT_CONVERSION = YES;
				GCC_WARN_ABOUT_RETURN_TYPE = YES_ERROR;
				GCC_WARN_UNDECLARED_SELECTOR = YES;
				GCC_WARN_UNINITIALIZED_AUTOS = YES_AGGRESSIVE;
				GCC_WARN_UNUSED_FUNCTION = YES;
				GCC_WARN_UNUSED_VARIABLE = YES;
				IPHONEOS_DEPLOYMENT_TARGET = 15.5;
				MTL_ENABLE_DEBUG_INFO = INCLUDE_SOURCE;
				MTL_FAST_MATH = YES;
				ONLY_ACTIVE_ARCH = YES;
				SDKROOT = iphoneos;
				SWIFT_ACTIVE_COMPILATION_CONDITIONS = DEBUG;
				SWIFT_OPTIMIZATION_LEVEL = "-Onone";
			};
			name = Debug;
		};
		DC94FDE128BB64830053EEFC /* Release */ = {
			isa = XCBuildConfiguration;
			buildSettings = {
				ALWAYS_SEARCH_USER_PATHS = NO;
				CLANG_ANALYZER_NONNULL = YES;
				CLANG_ANALYZER_NUMBER_OBJECT_CONVERSION = YES_AGGRESSIVE;
				CLANG_CXX_LANGUAGE_STANDARD = "gnu++17";
				CLANG_ENABLE_MODULES = YES;
				CLANG_ENABLE_OBJC_ARC = YES;
				CLANG_ENABLE_OBJC_WEAK = YES;
				CLANG_WARN_BLOCK_CAPTURE_AUTORELEASING = YES;
				CLANG_WARN_BOOL_CONVERSION = YES;
				CLANG_WARN_COMMA = YES;
				CLANG_WARN_CONSTANT_CONVERSION = YES;
				CLANG_WARN_DEPRECATED_OBJC_IMPLEMENTATIONS = YES;
				CLANG_WARN_DIRECT_OBJC_ISA_USAGE = YES_ERROR;
				CLANG_WARN_DOCUMENTATION_COMMENTS = YES;
				CLANG_WARN_EMPTY_BODY = YES;
				CLANG_WARN_ENUM_CONVERSION = YES;
				CLANG_WARN_INFINITE_RECURSION = YES;
				CLANG_WARN_INT_CONVERSION = YES;
				CLANG_WARN_NON_LITERAL_NULL_CONVERSION = YES;
				CLANG_WARN_OBJC_IMPLICIT_RETAIN_SELF = YES;
				CLANG_WARN_OBJC_LITERAL_CONVERSION = YES;
				CLANG_WARN_OBJC_ROOT_CLASS = YES_ERROR;
				CLANG_WARN_QUOTED_INCLUDE_IN_FRAMEWORK_HEADER = YES;
				CLANG_WARN_RANGE_LOOP_ANALYSIS = YES;
				CLANG_WARN_STRICT_PROTOTYPES = YES;
				CLANG_WARN_SUSPICIOUS_MOVE = YES;
				CLANG_WARN_UNGUARDED_AVAILABILITY = YES_AGGRESSIVE;
				CLANG_WARN_UNREACHABLE_CODE = YES;
				CLANG_WARN__DUPLICATE_METHOD_MATCH = YES;
				COPY_PHASE_STRIP = NO;
				DEBUG_INFORMATION_FORMAT = "dwarf-with-dsym";
				ENABLE_NS_ASSERTIONS = NO;
				ENABLE_STRICT_OBJC_MSGSEND = YES;
				GCC_C_LANGUAGE_STANDARD = gnu11;
				GCC_NO_COMMON_BLOCKS = YES;
				GCC_WARN_64_TO_32_BIT_CONVERSION = YES;
				GCC_WARN_ABOUT_RETURN_TYPE = YES_ERROR;
				GCC_WARN_UNDECLARED_SELECTOR = YES;
				GCC_WARN_UNINITIALIZED_AUTOS = YES_AGGRESSIVE;
				GCC_WARN_UNUSED_FUNCTION = YES;
				GCC_WARN_UNUSED_VARIABLE = YES;
				IPHONEOS_DEPLOYMENT_TARGET = 15.5;
				MTL_ENABLE_DEBUG_INFO = NO;
				MTL_FAST_MATH = YES;
				SDKROOT = iphoneos;
				SWIFT_COMPILATION_MODE = wholemodule;
				SWIFT_OPTIMIZATION_LEVEL = "-O";
				VALIDATE_PRODUCT = YES;
			};
			name = Release;
		};
		DC94FDE328BB64830053EEFC /* Debug */ = {
			isa = XCBuildConfiguration;
			baseConfigurationReference = 73814257E910363C3BCDDA0B /* Pods-Todo List Storyboard Version.debug.xcconfig */;
			buildSettings = {
				ASSETCATALOG_COMPILER_APPICON_NAME = AppIcon;
				ASSETCATALOG_COMPILER_GLOBAL_ACCENT_COLOR_NAME = AccentColor;
				CODE_SIGN_STYLE = Automatic;
				CURRENT_PROJECT_VERSION = 1;
				DEVELOPMENT_TEAM = 9786TSAYF2;
				GENERATE_INFOPLIST_FILE = YES;
				INFOPLIST_FILE = "Todo List Storyboard Version/Info.plist";
				INFOPLIST_KEY_UIApplicationSupportsIndirectInputEvents = YES;
				INFOPLIST_KEY_UILaunchStoryboardName = LaunchScreen;
				INFOPLIST_KEY_UIMainStoryboardFile = Main;
				INFOPLIST_KEY_UISupportedInterfaceOrientations_iPad = "UIInterfaceOrientationPortrait UIInterfaceOrientationPortraitUpsideDown UIInterfaceOrientationLandscapeLeft UIInterfaceOrientationLandscapeRight";
				INFOPLIST_KEY_UISupportedInterfaceOrientations_iPhone = "UIInterfaceOrientationPortrait UIInterfaceOrientationLandscapeLeft UIInterfaceOrientationLandscapeRight";
				IPHONEOS_DEPLOYMENT_TARGET = 14.0;
				LD_RUNPATH_SEARCH_PATHS = (
					"$(inherited)",
					"@executable_path/Frameworks",
				);
				MARKETING_VERSION = 1.0;
				PRODUCT_BUNDLE_IDENTIFIER = "Kamonpan.Todo-List-Storyboard-Version";
				PRODUCT_NAME = "$(TARGET_NAME)";
				SWIFT_EMIT_LOC_STRINGS = YES;
				SWIFT_VERSION = 5.0;
				TARGETED_DEVICE_FAMILY = "1,2";
			};
			name = Debug;
		};
		DC94FDE428BB64830053EEFC /* Release */ = {
			isa = XCBuildConfiguration;
			baseConfigurationReference = 4D1FC36746F05AD55B2014A8 /* Pods-Todo List Storyboard Version.release.xcconfig */;
			buildSettings = {
				ASSETCATALOG_COMPILER_APPICON_NAME = AppIcon;
				ASSETCATALOG_COMPILER_GLOBAL_ACCENT_COLOR_NAME = AccentColor;
				CODE_SIGN_STYLE = Automatic;
				CURRENT_PROJECT_VERSION = 1;
				DEVELOPMENT_TEAM = 9786TSAYF2;
				GENERATE_INFOPLIST_FILE = YES;
				INFOPLIST_FILE = "Todo List Storyboard Version/Info.plist";
				INFOPLIST_KEY_UIApplicationSupportsIndirectInputEvents = YES;
				INFOPLIST_KEY_UILaunchStoryboardName = LaunchScreen;
				INFOPLIST_KEY_UIMainStoryboardFile = Main;
				INFOPLIST_KEY_UISupportedInterfaceOrientations_iPad = "UIInterfaceOrientationPortrait UIInterfaceOrientationPortraitUpsideDown UIInterfaceOrientationLandscapeLeft UIInterfaceOrientationLandscapeRight";
				INFOPLIST_KEY_UISupportedInterfaceOrientations_iPhone = "UIInterfaceOrientationPortrait UIInterfaceOrientationLandscapeLeft UIInterfaceOrientationLandscapeRight";
				IPHONEOS_DEPLOYMENT_TARGET = 14.0;
				LD_RUNPATH_SEARCH_PATHS = (
					"$(inherited)",
					"@executable_path/Frameworks",
				);
				MARKETING_VERSION = 1.0;
				PRODUCT_BUNDLE_IDENTIFIER = "Kamonpan.Todo-List-Storyboard-Version";
				PRODUCT_NAME = "$(TARGET_NAME)";
				SWIFT_EMIT_LOC_STRINGS = YES;
				SWIFT_VERSION = 5.0;
				TARGETED_DEVICE_FAMILY = "1,2";
			};
			name = Release;
		};
/* End XCBuildConfiguration section */

/* Begin XCConfigurationList section */
		DC94FDC928BB64810053EEFC /* Build configuration list for PBXProject "Todo List Storyboard Version" */ = {
			isa = XCConfigurationList;
			buildConfigurations = (
				DC94FDE028BB64830053EEFC /* Debug */,
				DC94FDE128BB64830053EEFC /* Release */,
			);
			defaultConfigurationIsVisible = 0;
			defaultConfigurationName = Release;
		};
		DC94FDE228BB64830053EEFC /* Build configuration list for PBXNativeTarget "Todo List Storyboard Version" */ = {
			isa = XCConfigurationList;
			buildConfigurations = (
				DC94FDE328BB64830053EEFC /* Debug */,
				DC94FDE428BB64830053EEFC /* Release */,
			);
			defaultConfigurationIsVisible = 0;
			defaultConfigurationName = Release;
		};
/* End XCConfigurationList section */
	};
	rootObject = DC94FDC628BB64810053EEFC /* Project object */;
}
